
Microsoft Visual Studio Solution File, Format Version 12.00
# Visual Studio 15
VisualStudioVersion = 15.0.26403.7
MinimumVisualStudioVersion = 10.0.40219.1
Project("{8BC9CEB8-8B4A-11D0-8D11-00A0C91BC942}") = "list", "list.vcxproj", "{097A8B56-1437-4F2C-A37D-F94C071011C0}"
EndProject
Global
	GlobalSection(SolutionConfigurationPlatforms) = preSolution
		Debug|ARM = Debug|ARM
		Debug|x64 = Debug|x64
		Debug|x86 = Debug|x86
		Release|ARM = Release|ARM
		Release|x64 = Release|x64
		Release|x86 = Release|x86
	EndGlobalSection
	GlobalSection(ProjectConfigurationPlatforms) = postSolution
		{097A8B56-1437-4F2C-A37D-F94C071011C0}.Debug|ARM.ActiveCfg = Debug|ARM
		{097A8B56-1437-4F2C-A37D-F94C071011C0}.Debug|ARM.Build.0 = Debug|ARM
		{097A8B56-1437-4F2C-A37D-F94C071011C0}.Debug|x64.ActiveCfg = Debug|x64
		{097A8B56-1437-4F2C-A37D-F94C071011C0}.Debug|x64.Build.0 = Debug|x64
		{097A8B56-1437-4F2C-A37D-F94C071011C0}.Debug|x86.ActiveCfg = Debug|x86
		{097A8B56-1437-4F2C-A37D-F94C071011C0}.Debug|x86.Build.0 = Debug|x86
		{097A8B56-1437-4F2C-A37D-F94C071011C0}.Release|ARM.ActiveCfg = Release|ARM
		{097A8B56-1437-4F2C-A37D-F94C071011C0}.Release|ARM.Build.0 = Release|ARM
		{097A8B56-1437-4F2C-A37D-F94C071011C0}.Release|x64.ActiveCfg = Release|x64
		{097A8B56-1437-4F2C-A37D-F94C071011C0}.Release|x64.Build.0 = Release|x64
		{097A8B56-1437-4F2C-A37D-F94C071011C0}.Release|x86.ActiveCfg = Release|x86
		{097A8B56-1437-4F2C-A37D-F94C071011C0}.Release|x86.Build.0 = Release|x86
	EndGlobalSection
	GlobalSection(SolutionProperties) = preSolution
		HideSolutionNode = FALSE
	EndGlobalSection
EndGlobal
