
Microsoft Visual Studio Solution File, Format Version 12.00
# Visual Studio 15
VisualStudioVersion = 15.0.27004.2010
MinimumVisualStudioVersion = 10.0.40219.1
Project("{8BC9CEB8-8B4A-11D0-8D11-00A0C91BC942}") = "Client", "Client.vcxproj", "{493A54C1-0781-49CA-A2AD-0C1AB4697974}"
EndProject
Global
	GlobalSection(SolutionConfigurationPlatforms) = preSolution
		Debug|x64 = Debug|x64
		Debug|x86 = Debug|x86
		Release|x64 = Release|x64
		Release|x86 = Release|x86
	EndGlobalSection
	GlobalSection(ProjectConfigurationPlatforms) = postSolution
		{493A54C1-0781-49CA-A2AD-0C1AB4697974}.Debug|x64.ActiveCfg = Debug|x64
		{493A54C1-0781-49CA-A2AD-0C1AB4697974}.Debug|x64.Build.0 = Debug|x64
		{493A54C1-0781-49CA-A2AD-0C1AB4697974}.Debug|x86.ActiveCfg = Debug|Win32
		{493A54C1-0781-49CA-A2AD-0C1AB4697974}.Debug|x86.Build.0 = Debug|Win32
		{493A54C1-0781-49CA-A2AD-0C1AB4697974}.Release|x64.ActiveCfg = Release|x64
		{493A54C1-0781-49CA-A2AD-0C1AB4697974}.Release|x64.Build.0 = Release|x64
		{493A54C1-0781-49CA-A2AD-0C1AB4697974}.Release|x86.ActiveCfg = Release|Win32
		{493A54C1-0781-49CA-A2AD-0C1AB4697974}.Release|x86.Build.0 = Release|Win32
	EndGlobalSection
	GlobalSection(SolutionProperties) = preSolution
		HideSolutionNode = FALSE
	EndGlobalSection
	GlobalSection(ExtensibilityGlobals) = postSolution
		SolutionGuid = {6803E6FB-F609-4D36-9C7A-232CD2CC6819}
	EndGlobalSection
EndGlobal
